
Microsoft Visual Studio Solution File, Format Version 12.00
# Visual Studio Version 16
VisualStudioVersion = 16.0.28922.388
MinimumVisualStudioVersion = 10.0.40219.1
Project("{9A19103F-16F7-4668-BE54-9A1E7A4F7556}") = "Harry.Data.Abstractions", "Harry.Data.Abstractions\Harry.Data.Abstractions.csproj", "{9A8C38B7-9A94-48EE-AC19-8D734FE16A02}"
EndProject
Project("{2150E333-8FDC-42A3-9474-1A3956D46DE8}") = "src", "src", "{19C6C1C5-17D4-4B9F-BDA5-987B07581113}"
EndProject
Project("{2150E333-8FDC-42A3-9474-1A3956D46DE8}") = "SolutionItems", "SolutionItems", "{18165867-9142-4744-A4C2-6145E8F731E3}"
	ProjectSection(SolutionItems) = preProject
		common.props = common.props
		README.md = README.md
	EndProjectSection
EndProject
Project("{2150E333-8FDC-42A3-9474-1A3956D46DE8}") = "test", "test", "{D3C76BBF-71B7-4997-B35F-A2BC269E95C1}"
EndProject
Project("{2150E333-8FDC-42A3-9474-1A3956D46DE8}") = "samples", "samples", "{5F55E4AB-CD84-4BD1-8954-D6DB19EB12DD}"
EndProject
Project("{9A19103F-16F7-4668-BE54-9A1E7A4F7556}") = "Harry.Data.Samples.Models", "Harry.Data.Samples.Models\Harry.Data.Samples.Models.csproj", "{DAF963B5-DEF0-4FB5-A775-EE6A21855F95}"
EndProject
Project("{9A19103F-16F7-4668-BE54-9A1E7A4F7556}") = "Harry.Data.Samples.AspNetCore", "Harry.Data.Samples.AspNetCore\Harry.Data.Samples.AspNetCore.csproj", "{3121537D-B556-4ED3-ABA6-EE40552A7C38}"
EndProject
Project("{9A19103F-16F7-4668-BE54-9A1E7A4F7556}") = "Harry.Data", "Harry.Data\Harry.Data.csproj", "{8B01693C-7D6D-419C-8333-88E979FA4693}"
EndProject
Project("{9A19103F-16F7-4668-BE54-9A1E7A4F7556}") = "Harry.Data.Test", "Harry.Data.Test\Harry.Data.Test.csproj", "{EB2EA7C8-23B3-481B-A3CB-10237903748B}"
EndProject
Project("{9A19103F-16F7-4668-BE54-9A1E7A4F7556}") = "Harry.Data.Sqlite", "Harry.Data.Sqlite\Harry.Data.Sqlite.csproj", "{9C5033D3-537E-4739-BD05-90060A4A3DC5}"
EndProject
Project("{9A19103F-16F7-4668-BE54-9A1E7A4F7556}") = "Harry.Data.Sqlite.Test", "Harry.Data.Sqlite.Test\Harry.Data.Sqlite.Test.csproj", "{2C02D3E1-F0FA-4266-875B-898D05C2640B}"
EndProject
Project("{9A19103F-16F7-4668-BE54-9A1E7A4F7556}") = "Harry.Data.PomeloMySql", "Harry.Data.PomeloMySql\Harry.Data.PomeloMySql.csproj", "{9CCB1B14-CBBE-4180-9992-97A921E89450}"
EndProject
Project("{9A19103F-16F7-4668-BE54-9A1E7A4F7556}") = "Harry.Data.SqlServer", "Harry.Data.SqlServer\Harry.Data.SqlServer.csproj", "{C300A9FA-577B-4C9A-9C79-69C66ECEED20}"
EndProject
Project("{9A19103F-16F7-4668-BE54-9A1E7A4F7556}") = "Harry.Data.SqlServer.Test", "Harry.Data.SqlServer.Test\Harry.Data.SqlServer.Test.csproj", "{7A740099-65A7-445B-8D07-6D5C4DC7BA6F}"
EndProject
Project("{9A19103F-16F7-4668-BE54-9A1E7A4F7556}") = "Harry.Data.Web", "Harry.Data.Web\Harry.Data.Web.csproj", "{8495934F-208A-4DC8-AEB8-B113F0F98059}"
EndProject
Project("{9A19103F-16F7-4668-BE54-9A1E7A4F7556}") = "Harry.Data.PostgreSQL", "Harry.Data.PostgreSQL\Harry.Data.PostgreSQL.csproj", "{5FD8A2B3-64D5-41E9-942A-1596F3AA9635}"
EndProject
Global
	GlobalSection(SolutionConfigurationPlatforms) = preSolution
		Debug|Any CPU = Debug|Any CPU
		Release|Any CPU = Release|Any CPU
	EndGlobalSection
	GlobalSection(ProjectConfigurationPlatforms) = postSolution
		{9A8C38B7-9A94-48EE-AC19-8D734FE16A02}.Debug|Any CPU.ActiveCfg = Debug|Any CPU
		{9A8C38B7-9A94-48EE-AC19-8D734FE16A02}.Debug|Any CPU.Build.0 = Debug|Any CPU
		{9A8C38B7-9A94-48EE-AC19-8D734FE16A02}.Release|Any CPU.ActiveCfg = Release|Any CPU
		{9A8C38B7-9A94-48EE-AC19-8D734FE16A02}.Release|Any CPU.Build.0 = Release|Any CPU
		{DAF963B5-DEF0-4FB5-A775-EE6A21855F95}.Debug|Any CPU.ActiveCfg = Debug|Any CPU
		{DAF963B5-DEF0-4FB5-A775-EE6A21855F95}.Debug|Any CPU.Build.0 = Debug|Any CPU
		{DAF963B5-DEF0-4FB5-A775-EE6A21855F95}.Release|Any CPU.ActiveCfg = Release|Any CPU
		{DAF963B5-DEF0-4FB5-A775-EE6A21855F95}.Release|Any CPU.Build.0 = Release|Any CPU
		{3121537D-B556-4ED3-ABA6-EE40552A7C38}.Debug|Any CPU.ActiveCfg = Debug|Any CPU
		{3121537D-B556-4ED3-ABA6-EE40552A7C38}.Debug|Any CPU.Build.0 = Debug|Any CPU
		{3121537D-B556-4ED3-ABA6-EE40552A7C38}.Release|Any CPU.ActiveCfg = Release|Any CPU
		{3121537D-B556-4ED3-ABA6-EE40552A7C38}.Release|Any CPU.Build.0 = Release|Any CPU
		{8B01693C-7D6D-419C-8333-88E979FA4693}.Debug|Any CPU.ActiveCfg = Debug|Any CPU
		{8B01693C-7D6D-419C-8333-88E979FA4693}.Debug|Any CPU.Build.0 = Debug|Any CPU
		{8B01693C-7D6D-419C-8333-88E979FA4693}.Release|Any CPU.ActiveCfg = Release|Any CPU
		{8B01693C-7D6D-419C-8333-88E979FA4693}.Release|Any CPU.Build.0 = Release|Any CPU
		{EB2EA7C8-23B3-481B-A3CB-10237903748B}.Debug|Any CPU.ActiveCfg = Debug|Any CPU
		{EB2EA7C8-23B3-481B-A3CB-10237903748B}.Debug|Any CPU.Build.0 = Debug|Any CPU
		{EB2EA7C8-23B3-481B-A3CB-10237903748B}.Release|Any CPU.ActiveCfg = Release|Any CPU
		{EB2EA7C8-23B3-481B-A3CB-10237903748B}.Release|Any CPU.Build.0 = Release|Any CPU
		{9C5033D3-537E-4739-BD05-90060A4A3DC5}.Debug|Any CPU.ActiveCfg = Debug|Any CPU
		{9C5033D3-537E-4739-BD05-90060A4A3DC5}.Debug|Any CPU.Build.0 = Debug|Any CPU
		{9C5033D3-537E-4739-BD05-90060A4A3DC5}.Release|Any CPU.ActiveCfg = Release|Any CPU
		{9C5033D3-537E-4739-BD05-90060A4A3DC5}.Release|Any CPU.Build.0 = Release|Any CPU
		{2C02D3E1-F0FA-4266-875B-898D05C2640B}.Debug|Any CPU.ActiveCfg = Debug|Any CPU
		{2C02D3E1-F0FA-4266-875B-898D05C2640B}.Debug|Any CPU.Build.0 = Debug|Any CPU
		{2C02D3E1-F0FA-4266-875B-898D05C2640B}.Release|Any CPU.ActiveCfg = Release|Any CPU
		{2C02D3E1-F0FA-4266-875B-898D05C2640B}.Release|Any CPU.Build.0 = Release|Any CPU
		{9CCB1B14-CBBE-4180-9992-97A921E89450}.Debug|Any CPU.ActiveCfg = Debug|Any CPU
		{9CCB1B14-CBBE-4180-9992-97A921E89450}.Debug|Any CPU.Build.0 = Debug|Any CPU
		{9CCB1B14-CBBE-4180-9992-97A921E89450}.Release|Any CPU.ActiveCfg = Release|Any CPU
		{9CCB1B14-CBBE-4180-9992-97A921E89450}.Release|Any CPU.Build.0 = Release|Any CPU
		{C300A9FA-577B-4C9A-9C79-69C66ECEED20}.Debug|Any CPU.ActiveCfg = Debug|Any CPU
		{C300A9FA-577B-4C9A-9C79-69C66ECEED20}.Debug|Any CPU.Build.0 = Debug|Any CPU
		{C300A9FA-577B-4C9A-9C79-69C66ECEED20}.Release|Any CPU.ActiveCfg = Release|Any CPU
		{C300A9FA-577B-4C9A-9C79-69C66ECEED20}.Release|Any CPU.Build.0 = Release|Any CPU
		{7A740099-65A7-445B-8D07-6D5C4DC7BA6F}.Debug|Any CPU.ActiveCfg = Debug|Any CPU
		{7A740099-65A7-445B-8D07-6D5C4DC7BA6F}.Debug|Any CPU.Build.0 = Debug|Any CPU
		{7A740099-65A7-445B-8D07-6D5C4DC7BA6F}.Release|Any CPU.ActiveCfg = Release|Any CPU
		{7A740099-65A7-445B-8D07-6D5C4DC7BA6F}.Release|Any CPU.Build.0 = Release|Any CPU
		{8495934F-208A-4DC8-AEB8-B113F0F98059}.Debug|Any CPU.ActiveCfg = Debug|Any CPU
		{8495934F-208A-4DC8-AEB8-B113F0F98059}.Debug|Any CPU.Build.0 = Debug|Any CPU
		{8495934F-208A-4DC8-AEB8-B113F0F98059}.Release|Any CPU.ActiveCfg = Release|Any CPU
		{8495934F-208A-4DC8-AEB8-B113F0F98059}.Release|Any CPU.Build.0 = Release|Any CPU
		{5FD8A2B3-64D5-41E9-942A-1596F3AA9635}.Debug|Any CPU.ActiveCfg = Debug|Any CPU
		{5FD8A2B3-64D5-41E9-942A-1596F3AA9635}.Debug|Any CPU.Build.0 = Debug|Any CPU
		{5FD8A2B3-64D5-41E9-942A-1596F3AA9635}.Release|Any CPU.ActiveCfg = Release|Any CPU
		{5FD8A2B3-64D5-41E9-942A-1596F3AA9635}.Release|Any CPU.Build.0 = Release|Any CPU
	EndGlobalSection
	GlobalSection(SolutionProperties) = preSolution
		HideSolutionNode = FALSE
	EndGlobalSection
	GlobalSection(NestedProjects) = preSolution
		{9A8C38B7-9A94-48EE-AC19-8D734FE16A02} = {19C6C1C5-17D4-4B9F-BDA5-987B07581113}
		{DAF963B5-DEF0-4FB5-A775-EE6A21855F95} = {5F55E4AB-CD84-4BD1-8954-D6DB19EB12DD}
		{3121537D-B556-4ED3-ABA6-EE40552A7C38} = {5F55E4AB-CD84-4BD1-8954-D6DB19EB12DD}
		{8B01693C-7D6D-419C-8333-88E979FA4693} = {19C6C1C5-17D4-4B9F-BDA5-987B07581113}
		{EB2EA7C8-23B3-481B-A3CB-10237903748B} = {D3C76BBF-71B7-4997-B35F-A2BC269E95C1}
		{9C5033D3-537E-4739-BD05-90060A4A3DC5} = {19C6C1C5-17D4-4B9F-BDA5-987B07581113}
		{2C02D3E1-F0FA-4266-875B-898D05C2640B} = {D3C76BBF-71B7-4997-B35F-A2BC269E95C1}
		{9CCB1B14-CBBE-4180-9992-97A921E89450} = {19C6C1C5-17D4-4B9F-BDA5-987B07581113}
		{C300A9FA-577B-4C9A-9C79-69C66ECEED20} = {19C6C1C5-17D4-4B9F-BDA5-987B07581113}
		{7A740099-65A7-445B-8D07-6D5C4DC7BA6F} = {D3C76BBF-71B7-4997-B35F-A2BC269E95C1}
		{8495934F-208A-4DC8-AEB8-B113F0F98059} = {19C6C1C5-17D4-4B9F-BDA5-987B07581113}
		{5FD8A2B3-64D5-41E9-942A-1596F3AA9635} = {19C6C1C5-17D4-4B9F-BDA5-987B07581113}
	EndGlobalSection
	GlobalSection(ExtensibilityGlobals) = postSolution
		SolutionGuid = {67251631-0B42-47F3-9128-78E56E01AE17}
	EndGlobalSection
EndGlobal
